
Microsoft Visual Studio Solution File, Format Version 12.00
# Visual Studio Version 16
VisualStudioVersion = 16.0.30611.23
MinimumVisualStudioVersion = 10.0.40219.1
Project("{FAE04EC0-301F-11D3-BF4B-00C04F79EFBC}") = "n2", "n2\n2.csproj", "{EFF40B47-6F19-437A-8CF7-B777DF75C8A7}"
EndProject
Global
	GlobalSection(SolutionConfigurationPlatforms) = preSolution
		Debug|Any CPU = Debug|Any CPU
		Release|Any CPU = Release|Any CPU
	EndGlobalSection
	GlobalSection(ProjectConfigurationPlatforms) = postSolution
		{EFF40B47-6F19-437A-8CF7-B777DF75C8A7}.Debug|Any CPU.ActiveCfg = Debug|Any CPU
		{EFF40B47-6F19-437A-8CF7-B777DF75C8A7}.Debug|Any CPU.Build.0 = Debug|Any CPU
		{EFF40B47-6F19-437A-8CF7-B777DF75C8A7}.Release|Any CPU.ActiveCfg = Release|Any CPU
		{EFF40B47-6F19-437A-8CF7-B777DF75C8A7}.Release|Any CPU.Build.0 = Release|Any CPU
	EndGlobalSection
	GlobalSection(SolutionProperties) = preSolution
		HideSolutionNode = FALSE
	EndGlobalSection
	GlobalSection(ExtensibilityGlobals) = postSolution
		SolutionGuid = {D9EC4655-5DCA-49C7-91AA-0700461A9A6B}
	EndGlobalSection
EndGlobal
